
Microsoft Visual Studio Solution File, Format Version 12.00
# Visual Studio Version 16
VisualStudioVersion = 16.0.31729.503
MinimumVisualStudioVersion = 10.0.40219.1
Project("{2150E333-8FDC-42A3-9474-1A3956D46DE8}") = "Logitech", "Logitech", "{AC453A0B-6B4D-48AF-80FA-1176A0AC6569}"
EndProject
Project("{2150E333-8FDC-42A3-9474-1A3956D46DE8}") = "Razer", "Razer", "{935CE250-EFAC-43CA-811B-19A23CDA64EB}"
EndProject
Project("{2150E333-8FDC-42A3-9474-1A3956D46DE8}") = "LightFx", "LightFx", "{DF271E73-6E98-4856-8C2C-3305DDB87391}"
EndProject
Project("{8BC9CEB8-8B4A-11D0-8D11-00A0C91BC942}") = "Artemis.Wrappers.Logitech", "Logitech\Artemis.Wrappers.Logitech\Artemis.Wrappers.Logitech.vcxproj", "{1909AA5B-A8DD-4218-838B-978F2B7033B8}"
EndProject
Project("{8BC9CEB8-8B4A-11D0-8D11-00A0C91BC942}") = "Artemis.Wrappers.LightFx", "LightFx\Artemis.Wrappers.LightFx\Artemis.Wrappers.LightFx.vcxproj", "{B61FE3A3-E524-4254-8F30-DF61897E6437}"
EndProject
Project("{8BC9CEB8-8B4A-11D0-8D11-00A0C91BC942}") = "Artemis.Wrappers.Razer", "Razer\Artemis.Wrappers.Razer\Artemis.Wrappers.Razer.vcxproj", "{A6AD301E-0812-4A57-BB6D-5E68F025A270}"
EndProject
Project("{2150E333-8FDC-42A3-9474-1A3956D46DE8}") = "Common", "Common", "{E9E6FC94-8599-4AC2-B886-0417C85A699F}"
EndProject
Project("{8BC9CEB8-8B4A-11D0-8D11-00A0C91BC942}") = "Artemis.Wrappers.Shared", "Common\Artemis.Wrappers.Shared\Artemis.Wrappers.Shared.vcxitems", "{7DFDB138-424A-427C-8B4B-F355802E476D}"
EndProject
Project("{9A19103F-16F7-4668-BE54-9A1E7A4F7556}") = "Artemis.Plugins.Wrappers.Logitech", "Logitech\Artemis.Plugins.Wrappers.Logitech\Artemis.Plugins.Wrappers.Logitech.csproj", "{C5CECAC1-4997-4836-ABF0-05DCEC9F6AAC}"
	ProjectSection(ProjectDependencies) = postProject
		{1909AA5B-A8DD-4218-838B-978F2B7033B8} = {1909AA5B-A8DD-4218-838B-978F2B7033B8}
	EndProjectSection
EndProject
Project("{9A19103F-16F7-4668-BE54-9A1E7A4F7556}") = "Artemis.Plugins.Wrappers.Razer", "Razer\Artemis.Plugins.Wrappers.Razer\Artemis.Plugins.Wrappers.Razer.csproj", "{1768787A-500B-4943-ABA6-67041CB117E8}"
	ProjectSection(ProjectDependencies) = postProject
		{A6AD301E-0812-4A57-BB6D-5E68F025A270} = {A6AD301E-0812-4A57-BB6D-5E68F025A270}
	EndProjectSection
EndProject
Project("{9A19103F-16F7-4668-BE54-9A1E7A4F7556}") = "Artemis.Plugins.Wrappers.LightFx", "LightFx\Artemis.Plugins.Wrappers.LightFx\Artemis.Plugins.Wrappers.LightFx.csproj", "{9CB73DC3-95F6-42A3-8FFB-ED01E186907F}"
	ProjectSection(ProjectDependencies) = postProject
		{B61FE3A3-E524-4254-8F30-DF61897E6437} = {B61FE3A3-E524-4254-8F30-DF61897E6437}
	EndProjectSection
EndProject
Project("{9A19103F-16F7-4668-BE54-9A1E7A4F7556}") = "Artemis.Plugins.Wrappers.Shared", "Common\Artemis.Plugins.Wrappers.Shared\Artemis.Plugins.Wrappers.Shared.csproj", "{2B06DC80-B7E8-4B20-B400-BDB1E1B81B5D}"
EndProject
Global
	GlobalSection(SolutionConfigurationPlatforms) = preSolution
		Debug|x64 = Debug|x64
		Release|x64 = Release|x64
	EndGlobalSection
	GlobalSection(ProjectConfigurationPlatforms) = postSolution
		{1909AA5B-A8DD-4218-838B-978F2B7033B8}.Debug|x64.ActiveCfg = Debug|x64
		{1909AA5B-A8DD-4218-838B-978F2B7033B8}.Debug|x64.Build.0 = Debug|x64
		{1909AA5B-A8DD-4218-838B-978F2B7033B8}.Release|x64.ActiveCfg = Release|x64
		{1909AA5B-A8DD-4218-838B-978F2B7033B8}.Release|x64.Build.0 = Release|x64
		{B61FE3A3-E524-4254-8F30-DF61897E6437}.Debug|x64.ActiveCfg = Debug|x64
		{B61FE3A3-E524-4254-8F30-DF61897E6437}.Debug|x64.Build.0 = Debug|x64
		{B61FE3A3-E524-4254-8F30-DF61897E6437}.Release|x64.ActiveCfg = Release|x64
		{B61FE3A3-E524-4254-8F30-DF61897E6437}.Release|x64.Build.0 = Release|x64
		{A6AD301E-0812-4A57-BB6D-5E68F025A270}.Debug|x64.ActiveCfg = Debug|x64
		{A6AD301E-0812-4A57-BB6D-5E68F025A270}.Debug|x64.Build.0 = Debug|x64
		{A6AD301E-0812-4A57-BB6D-5E68F025A270}.Release|x64.ActiveCfg = Release|x64
		{A6AD301E-0812-4A57-BB6D-5E68F025A270}.Release|x64.Build.0 = Release|x64
		{C5CECAC1-4997-4836-ABF0-05DCEC9F6AAC}.Debug|x64.ActiveCfg = Debug|x64
		{C5CECAC1-4997-4836-ABF0-05DCEC9F6AAC}.Debug|x64.Build.0 = Debug|x64
		{C5CECAC1-4997-4836-ABF0-05DCEC9F6AAC}.Release|x64.ActiveCfg = Release|x64
		{C5CECAC1-4997-4836-ABF0-05DCEC9F6AAC}.Release|x64.Build.0 = Release|x64
		{1768787A-500B-4943-ABA6-67041CB117E8}.Debug|x64.ActiveCfg = Debug|x64
		{1768787A-500B-4943-ABA6-67041CB117E8}.Debug|x64.Build.0 = Debug|x64
		{1768787A-500B-4943-ABA6-67041CB117E8}.Release|x64.ActiveCfg = Release|x64
		{1768787A-500B-4943-ABA6-67041CB117E8}.Release|x64.Build.0 = Release|x64
		{9CB73DC3-95F6-42A3-8FFB-ED01E186907F}.Debug|x64.ActiveCfg = Debug|x64
		{9CB73DC3-95F6-42A3-8FFB-ED01E186907F}.Debug|x64.Build.0 = Debug|x64
		{9CB73DC3-95F6-42A3-8FFB-ED01E186907F}.Release|x64.ActiveCfg = Release|x64
		{9CB73DC3-95F6-42A3-8FFB-ED01E186907F}.Release|x64.Build.0 = Release|x64
		{2B06DC80-B7E8-4B20-B400-BDB1E1B81B5D}.Debug|x64.ActiveCfg = Debug|Any CPU
		{2B06DC80-B7E8-4B20-B400-BDB1E1B81B5D}.Debug|x64.Build.0 = Debug|Any CPU
		{2B06DC80-B7E8-4B20-B400-BDB1E1B81B5D}.Release|x64.ActiveCfg = Release|Any CPU
		{2B06DC80-B7E8-4B20-B400-BDB1E1B81B5D}.Release|x64.Build.0 = Release|Any CPU
	EndGlobalSection
	GlobalSection(SolutionProperties) = preSolution
		HideSolutionNode = FALSE
	EndGlobalSection
	GlobalSection(NestedProjects) = preSolution
		{1909AA5B-A8DD-4218-838B-978F2B7033B8} = {AC453A0B-6B4D-48AF-80FA-1176A0AC6569}
		{B61FE3A3-E524-4254-8F30-DF61897E6437} = {DF271E73-6E98-4856-8C2C-3305DDB87391}
		{A6AD301E-0812-4A57-BB6D-5E68F025A270} = {935CE250-EFAC-43CA-811B-19A23CDA64EB}
		{7DFDB138-424A-427C-8B4B-F355802E476D} = {E9E6FC94-8599-4AC2-B886-0417C85A699F}
		{C5CECAC1-4997-4836-ABF0-05DCEC9F6AAC} = {AC453A0B-6B4D-48AF-80FA-1176A0AC6569}
		{1768787A-500B-4943-ABA6-67041CB117E8} = {935CE250-EFAC-43CA-811B-19A23CDA64EB}
		{9CB73DC3-95F6-42A3-8FFB-ED01E186907F} = {DF271E73-6E98-4856-8C2C-3305DDB87391}
		{2B06DC80-B7E8-4B20-B400-BDB1E1B81B5D} = {E9E6FC94-8599-4AC2-B886-0417C85A699F}
	EndGlobalSection
	GlobalSection(ExtensibilityGlobals) = postSolution
		SolutionGuid = {A4A3F9CE-89FC-4790-9D73-96E4A97F31AB}
	EndGlobalSection
EndGlobal
